// !$*UTF8*$!
{
	archiveVersion = 1;
	classes = {
	};
	objectVersion = 46;
	objects = {

/* Begin PBXBuildFile section */
		F77489911728E94300FCA592 /* UIKit.framework in Frameworks */ = {isa = PBXBuildFile; fileRef = F77489901728E94300FCA592 /* UIKit.framework */; };
		F77489931728E94300FCA592 /* Foundation.framework in Frameworks */ = {isa = PBXBuildFile; fileRef = F77489921728E94300FCA592 /* Foundation.framework */; };
		F77489951728E94300FCA592 /* CoreGraphics.framework in Frameworks */ = {isa = PBXBuildFile; fileRef = F77489941728E94300FCA592 /* CoreGraphics.framework */; };
		F774899B1728E94300FCA592 /* InfoPlist.strings in Resources */ = {isa = PBXBuildFile; fileRef = F77489991728E94300FCA592 /* InfoPlist.strings */; };
		F774899D1728E94300FCA592 /* main.m in Sources */ = {isa = PBXBuildFile; fileRef = F774899C1728E94300FCA592 /* main.m */; };
		F77489A11728E94300FCA592 /* AppDelegate.m in Sources */ = {isa = PBXBuildFile; fileRef = F77489A01728E94300FCA592 /* AppDelegate.m */; };
		F77489A31728E94300FCA592 /* Default.png in Resources */ = {isa = PBXBuildFile; fileRef = F77489A21728E94300FCA592 /* Default.png */; };
		F77489A51728E94300FCA592 /* Default@2x.png in Resources */ = {isa = PBXBuildFile; fileRef = F77489A41728E94300FCA592 /* Default@2x.png */; };
		F77489A71728E94300FCA592 /* Default-568h@2x.png in Resources */ = {isa = PBXBuildFile; fileRef = F77489A61728E94300FCA592 /* Default-568h@2x.png */; };
		F77489AA1728E94300FCA592 /* ViewController.m in Sources */ = {isa = PBXBuildFile; fileRef = F77489A91728E94300FCA592 /* ViewController.m */; };
		F77489AD1728E94300FCA592 /* ViewController.xib in Resources */ = {isa = PBXBuildFile; fileRef = F77489AB1728E94300FCA592 /* ViewController.xib */; };
		F77489E1172A35D600FCA592 /* OIDAssociation.m in Sources */ = {isa = PBXBuildFile; fileRef = F77489D4172A35D600FCA592 /* OIDAssociation.m */; };
		F77489E2172A35D600FCA592 /* OIDAuthentication.m in Sources */ = {isa = PBXBuildFile; fileRef = F77489D6172A35D600FCA592 /* OIDAuthentication.m */; };
		F77489E3172A35D600FCA592 /* OIDEndpoint.m in Sources */ = {isa = PBXBuildFile; fileRef = F77489D8172A35D600FCA592 /* OIDEndpoint.m */; };
		F77489E4172A35D600FCA592 /* OIDOpenIdManager.m in Sources */ = {isa = PBXBuildFile; fileRef = F77489DA172A35D600FCA592 /* OIDOpenIdManager.m */; };
		F77489E5172A35D600FCA592 /* OIDShortName.m in Sources */ = {isa = PBXBuildFile; fileRef = F77489DC172A35D600FCA592 /* OIDShortName.m */; };
		F77489E6172A35D600FCA592 /* OIDUtil.m in Sources */ = {isa = PBXBuildFile; fileRef = F77489DE172A35D600FCA592 /* OIDUtil.m */; };
		F77489E7172A35D600FCA592 /* openid-providers.plist in Resources */ = {isa = PBXBuildFile; fileRef = F77489DF172A35D600FCA592 /* openid-providers.plist */; };
		F77489EA172A38C600FCA592 /* Base64.m in Sources */ = {isa = PBXBuildFile; fileRef = F77489E9172A38C600FCA592 /* Base64.m */; };
/* End PBXBuildFile section */

/* Begin PBXFileReference section */
		F774898D1728E94300FCA592 /* TestOpenID.app */ = {isa = PBXFileReference; explicitFileType = wrapper.application; includeInIndex = 0; path = TestOpenID.app; sourceTree = BUILT_PRODUCTS_DIR; };
		F77489901728E94300FCA592 /* UIKit.framework */ = {isa = PBXFileReference; lastKnownFileType = wrapper.framework; name = UIKit.framework; path = System/Library/Frameworks/UIKit.framework; sourceTree = SDKROOT; };
		F77489921728E94300FCA592 /* Foundation.framework */ = {isa = PBXFileReference; lastKnownFileType = wrapper.framework; name = Foundation.framework; path = System/Library/Frameworks/Foundation.framework; sourceTree = SDKROOT; };
		F77489941728E94300FCA592 /* CoreGraphics.framework */ = {isa = PBXFileReference; lastKnownFileType = wrapper.framework; name = CoreGraphics.framework; path = System/Library/Frameworks/CoreGraphics.framework; sourceTree = SDKROOT; };
		F77489981728E94300FCA592 /* TestOpenID-Info.plist */ = {isa = PBXFileReference; lastKnownFileType = text.plist.xml; path = "TestOpenID-Info.plist"; sourceTree = "<group>"; };
		F774899A1728E94300FCA592 /* en */ = {isa = PBXFileReference; lastKnownFileType = text.plist.strings; name = en; path = en.lproj/InfoPlist.strings; sourceTree = "<group>"; };
		F774899C1728E94300FCA592 /* main.m */ = {isa = PBXFileReference; lastKnownFileType = sourcecode.c.objc; path = main.m; sourceTree = "<group>"; };
		F774899E1728E94300FCA592 /* TestOpenID-Prefix.pch */ = {isa = PBXFileReference; lastKnownFileType = sourcecode.c.h; path = "TestOpenID-Prefix.pch"; sourceTree = "<group>"; };
		F774899F1728E94300FCA592 /* AppDelegate.h */ = {isa = PBXFileReference; lastKnownFileType = sourcecode.c.h; path = AppDelegate.h; sourceTree = "<group>"; };
		F77489A01728E94300FCA592 /* AppDelegate.m */ = {isa = PBXFileReference; lastKnownFileType = sourcecode.c.objc; path = AppDelegate.m; sourceTree = "<group>"; };
		F77489A21728E94300FCA592 /* Default.png */ = {isa = PBXFileReference; lastKnownFileType = image.png; path = Default.png; sourceTree = "<group>"; };
		F77489A41728E94300FCA592 /* Default@2x.png */ = {isa = PBXFileReference; lastKnownFileType = image.png; path = "Default@2x.png"; sourceTree = "<group>"; };
		F77489A61728E94300FCA592 /* Default-568h@2x.png */ = {isa = PBXFileReference; lastKnownFileType = image.png; path = "Default-568h@2x.png"; sourceTree = "<group>"; };
		F77489A81728E94300FCA592 /* ViewController.h */ = {isa = PBXFileReference; lastKnownFileType = sourcecode.c.h; path = ViewController.h; sourceTree = "<group>"; };
		F77489A91728E94300FCA592 /* ViewController.m */ = {isa = PBXFileReference; lastKnownFileType = sourcecode.c.objc; path = ViewController.m; sourceTree = "<group>"; };
		F77489AC1728E94300FCA592 /* en */ = {isa = PBXFileReference; lastKnownFileType = file.xib; name = en; path = en.lproj/ViewController.xib; sourceTree = "<group>"; };
		F77489D3172A35D600FCA592 /* OIDAssociation.h */ = {isa = PBXFileReference; fileEncoding = 4; lastKnownFileType = sourcecode.c.h; path = OIDAssociation.h; sourceTree = "<group>"; };
		F77489D4172A35D600FCA592 /* OIDAssociation.m */ = {isa = PBXFileReference; fileEncoding = 4; lastKnownFileType = sourcecode.c.objc; path = OIDAssociation.m; sourceTree = "<group>"; };
		F77489D5172A35D600FCA592 /* OIDAuthentication.h */ = {isa = PBXFileReference; fileEncoding = 4; lastKnownFileType = sourcecode.c.h; path = OIDAuthentication.h; sourceTree = "<group>"; };
		F77489D6172A35D600FCA592 /* OIDAuthentication.m */ = {isa = PBXFileReference; fileEncoding = 4; lastKnownFileType = sourcecode.c.objc; path = OIDAuthentication.m; sourceTree = "<group>"; };
		F77489D7172A35D600FCA592 /* OIDEndpoint.h */ = {isa = PBXFileReference; fileEncoding = 4; lastKnownFileType = sourcecode.c.h; path = OIDEndpoint.h; sourceTree = "<group>"; };
		F77489D8172A35D600FCA592 /* OIDEndpoint.m */ = {isa = PBXFileReference; fileEncoding = 4; lastKnownFileType = sourcecode.c.objc; path = OIDEndpoint.m; sourceTree = "<group>"; };
		F77489D9172A35D600FCA592 /* OIDOpenIdManager.h */ = {isa = PBXFileReference; fileEncoding = 4; lastKnownFileType = sourcecode.c.h; path = OIDOpenIdManager.h; sourceTree = "<group>"; };
		F77489DA172A35D600FCA592 /* OIDOpenIdManager.m */ = {isa = PBXFileReference; fileEncoding = 4; lastKnownFileType = sourcecode.c.objc; path = OIDOpenIdManager.m; sourceTree = "<group>"; };
		F77489DB172A35D600FCA592 /* OIDShortName.h */ = {isa = PBXFileReference; fileEncoding = 4; lastKnownFileType = sourcecode.c.h; path = OIDShortName.h; sourceTree = "<group>"; };
		F77489DC172A35D600FCA592 /* OIDShortName.m */ = {isa = PBXFileReference; fileEncoding = 4; lastKnownFileType = sourcecode.c.objc; path = OIDShortName.m; sourceTree = "<group>"; };
		F77489DD172A35D600FCA592 /* OIDUtil.h */ = {isa = PBXFileReference; fileEncoding = 4; lastKnownFileType = sourcecode.c.h; path = OIDUtil.h; sourceTree = "<group>"; };
		F77489DE172A35D600FCA592 /* OIDUtil.m */ = {isa = PBXFileReference; fileEncoding = 4; lastKnownFileType = sourcecode.c.objc; path = OIDUtil.m; sourceTree = "<group>"; };
		F77489DF172A35D600FCA592 /* openid-providers.plist */ = {isa = PBXFileReference; fileEncoding = 4; lastKnownFileType = text.plist.xml; path = "openid-providers.plist"; sourceTree = "<group>"; };
		F77489E8172A38C600FCA592 /* Base64.h */ = {isa = PBXFileReference; fileEncoding = 4; lastKnownFileType = sourcecode.c.h; path = Base64.h; sourceTree = "<group>"; };
		F77489E9172A38C600FCA592 /* Base64.m */ = {isa = PBXFileReference; fileEncoding = 4; lastKnownFileType = sourcecode.c.objc; path = Base64.m; sourceTree = "<group>"; };
/* End PBXFileReference section */

/* Begin PBXFrameworksBuildPhase section */
		F774898A1728E94300FCA592 /* Frameworks */ = {
			isa = PBXFrameworksBuildPhase;
			buildActionMask = 2147483647;
			files = (
				F77489911728E94300FCA592 /* UIKit.framework in Frameworks */,
				F77489931728E94300FCA592 /* Foundation.framework in Frameworks */,
				F77489951728E94300FCA592 /* CoreGraphics.framework in Frameworks */,
			);
			runOnlyForDeploymentPostprocessing = 0;
		};
/* End PBXFrameworksBuildPhase section */

/* Begin PBXGroup section */
		F77489841728E94300FCA592 = {
			isa = PBXGroup;
			children = (
				F77489D0172A35D600FCA592 /* OpenID */,
				F77489961728E94300FCA592 /* TestOpenID */,
				F774898F1728E94300FCA592 /* Frameworks */,
				F774898E1728E94300FCA592 /* Products */,
			);
			sourceTree = "<group>";
		};
		F774898E1728E94300FCA592 /* Products */ = {
			isa = PBXGroup;
			children = (
				F774898D1728E94300FCA592 /* TestOpenID.app */,
			);
			name = Products;
			sourceTree = "<group>";
		};
		F774898F1728E94300FCA592 /* Frameworks */ = {
			isa = PBXGroup;
			children = (
				F77489901728E94300FCA592 /* UIKit.framework */,
				F77489921728E94300FCA592 /* Foundation.framework */,
				F77489941728E94300FCA592 /* CoreGraphics.framework */,
			);
			name = Frameworks;
			sourceTree = "<group>";
		};
		F77489961728E94300FCA592 /* TestOpenID */ = {
			isa = PBXGroup;
			children = (
				F774899F1728E94300FCA592 /* AppDelegate.h */,
				F77489A01728E94300FCA592 /* AppDelegate.m */,
				F77489A81728E94300FCA592 /* ViewController.h */,
				F77489A91728E94300FCA592 /* ViewController.m */,
				F77489AB1728E94300FCA592 /* ViewController.xib */,
				F77489971728E94300FCA592 /* Supporting Files */,
			);
			path = TestOpenID;
			sourceTree = "<group>";
		};
		F77489971728E94300FCA592 /* Supporting Files */ = {
			isa = PBXGroup;
			children = (
				F77489981728E94300FCA592 /* TestOpenID-Info.plist */,
				F77489991728E94300FCA592 /* InfoPlist.strings */,
				F774899C1728E94300FCA592 /* main.m */,
				F774899E1728E94300FCA592 /* TestOpenID-Prefix.pch */,
				F77489A21728E94300FCA592 /* Default.png */,
				F77489A41728E94300FCA592 /* Default@2x.png */,
				F77489A61728E94300FCA592 /* Default-568h@2x.png */,
			);
			name = "Supporting Files";
			sourceTree = "<group>";
		};
		F77489D0172A35D600FCA592 /* OpenID */ = {
			isa = PBXGroup;
			children = (
				F77489D3172A35D600FCA592 /* OIDAssociation.h */,
				F77489D4172A35D600FCA592 /* OIDAssociation.m */,
				F77489D5172A35D600FCA592 /* OIDAuthentication.h */,
				F77489D6172A35D600FCA592 /* OIDAuthentication.m */,
				F77489D7172A35D600FCA592 /* OIDEndpoint.h */,
				F77489D8172A35D600FCA592 /* OIDEndpoint.m */,
				F77489D9172A35D600FCA592 /* OIDOpenIdManager.h */,
				F77489DA172A35D600FCA592 /* OIDOpenIdManager.m */,
				F77489DB172A35D600FCA592 /* OIDShortName.h */,
				F77489DC172A35D600FCA592 /* OIDShortName.m */,
				F77489DD172A35D600FCA592 /* OIDUtil.h */,
				F77489DE172A35D600FCA592 /* OIDUtil.m */,
				F77489E8172A38C600FCA592 /* Base64.h */,
				F77489E9172A38C600FCA592 /* Base64.m */,
				F77489DF172A35D600FCA592 /* openid-providers.plist */,
			);
			path = OpenID;
			sourceTree = "<group>";
		};
/* End PBXGroup section */

/* Begin PBXNativeTarget section */
		F774898C1728E94300FCA592 /* TestOpenID */ = {
			isa = PBXNativeTarget;
			buildConfigurationList = F77489B01728E94300FCA592 /* Build configuration list for PBXNativeTarget "TestOpenID" */;
			buildPhases = (
				F77489891728E94300FCA592 /* Sources */,
				F774898A1728E94300FCA592 /* Frameworks */,
				F774898B1728E94300FCA592 /* Resources */,
			);
			buildRules = (
			);
			dependencies = (
			);
			name = TestOpenID;
			productName = TestOpenID;
			productReference = F774898D1728E94300FCA592 /* TestOpenID.app */;
			productType = "com.apple.product-type.application";
		};
/* End PBXNativeTarget section */

/* Begin PBXProject section */
		F77489851728E94300FCA592 /* Project object */ = {
			isa = PBXProject;
			attributes = {
				LastUpgradeCheck = 0460;
				ORGANIZATIONNAME = masataka;
			};
			buildConfigurationList = F77489881728E94300FCA592 /* Build configuration list for PBXProject "TestOpenID" */;
			compatibilityVersion = "Xcode 3.2";
			developmentRegion = English;
			hasScannedForEncodings = 0;
			knownRegions = (
				en,
			);
			mainGroup = F77489841728E94300FCA592;
			productRefGroup = F774898E1728E94300FCA592 /* Products */;
			projectDirPath = "";
			projectRoot = "";
			targets = (
				F774898C1728E94300FCA592 /* TestOpenID */,
			);
		};
/* End PBXProject section */

/* Begin PBXResourcesBuildPhase section */
		F774898B1728E94300FCA592 /* Resources */ = {
			isa = PBXResourcesBuildPhase;
			buildActionMask = 2147483647;
			files = (
				F774899B1728E94300FCA592 /* InfoPlist.strings in Resources */,
				F77489A31728E94300FCA592 /* Default.png in Resources */,
				F77489A51728E94300FCA592 /* Default@2x.png in Resources */,
				F77489A71728E94300FCA592 /* Default-568h@2x.png in Resources */,
				F77489AD1728E94300FCA592 /* ViewController.xib in Resources */,
				F77489E7172A35D600FCA592 /* openid-providers.plist in Resources */,
			);
			runOnlyForDeploymentPostprocessing = 0;
		};
/* End PBXResourcesBuildPhase section */

/* Begin PBXSourcesBuildPhase section */
		F77489891728E94300FCA592 /* Sources */ = {
			isa = PBXSourcesBuildPhase;
			buildActionMask = 2147483647;
			files = (
				F774899D1728E94300FCA592 /* main.m in Sources */,
				F77489A11728E94300FCA592 /* AppDelegate.m in Sources */,
				F77489AA1728E94300FCA592 /* ViewController.m in Sources */,
				F77489E1172A35D600FCA592 /* OIDAssociation.m in Sources */,
				F77489E2172A35D600FCA592 /* OIDAuthentication.m in Sources */,
				F77489E3172A35D600FCA592 /* OIDEndpoint.m in Sources */,
				F77489E4172A35D600FCA592 /* OIDOpenIdManager.m in Sources */,
				F77489E5172A35D600FCA592 /* OIDShortName.m in Sources */,
				F77489E6172A35D600FCA592 /* OIDUtil.m in Sources */,
				F77489EA172A38C600FCA592 /* Base64.m in Sources */,
			);
			runOnlyForDeploymentPostprocessing = 0;
		};
/* End PBXSourcesBuildPhase section */

/* Begin PBXVariantGroup section */
		F77489991728E94300FCA592 /* InfoPlist.strings */ = {
			isa = PBXVariantGroup;
			children = (
				F774899A1728E94300FCA592 /* en */,
			);
			name = InfoPlist.strings;
			sourceTree = "<group>";
		};
		F77489AB1728E94300FCA592 /* ViewController.xib */ = {
			isa = PBXVariantGroup;
			children = (
				F77489AC1728E94300FCA592 /* en */,
			);
			name = ViewController.xib;
			sourceTree = "<group>";
		};
/* End PBXVariantGroup section */

/* Begin XCBuildConfiguration section */
		F77489AE1728E94300FCA592 /* Debug */ = {
			isa = XCBuildConfiguration;
			buildSettings = {
				ALWAYS_SEARCH_USER_PATHS = NO;
				CLANG_CXX_LANGUAGE_STANDARD = "gnu++0x";
				CLANG_CXX_LIBRARY = "libc++";
				CLANG_ENABLE_OBJC_ARC = YES;
				CLANG_WARN_CONSTANT_CONVERSION = YES;
				CLANG_WARN_EMPTY_BODY = YES;
				CLANG_WARN_ENUM_CONVERSION = YES;
				CLANG_WARN_INT_CONVERSION = YES;
				CLANG_WARN__DUPLICATE_METHOD_MATCH = YES;
				"CODE_SIGN_IDENTITY[sdk=iphoneos*]" = "iPhone Developer";
				COPY_PHASE_STRIP = NO;
				GCC_C_LANGUAGE_STANDARD = gnu99;
				GCC_DYNAMIC_NO_PIC = NO;
				GCC_OPTIMIZATION_LEVEL = 0;
				GCC_PREPROCESSOR_DEFINITIONS = (
					"DEBUG=1",
					"$(inherited)",
				);
				GCC_SYMBOLS_PRIVATE_EXTERN = NO;
				GCC_WARN_ABOUT_RETURN_TYPE = YES;
				GCC_WARN_UNINITIALIZED_AUTOS = YES;
				GCC_WARN_UNUSED_VARIABLE = YES;
				IPHONEOS_DEPLOYMENT_TARGET = 6.1;
				ONLY_ACTIVE_ARCH = YES;
				SDKROOT = iphoneos;
			};
			name = Debug;
		};
		F77489AF1728E94300FCA592 /* Release */ = {
			isa = XCBuildConfiguration;
			buildSettings = {
				ALWAYS_SEARCH_USER_PATHS = NO;
				CLANG_CXX_LANGUAGE_STANDARD = "gnu++0x";
				CLANG_CXX_LIBRARY = "libc++";
				CLANG_ENABLE_OBJC_ARC = YES;
				CLANG_WARN_CONSTANT_CONVERSION = YES;
				CLANG_WARN_EMPTY_BODY = YES;
				CLANG_WARN_ENUM_CONVERSION = YES;
				CLANG_WARN_INT_CONVERSION = YES;
				CLANG_WARN__DUPLICATE_METHOD_MATCH = YES;
				"CODE_SIGN_IDENTITY[sdk=iphoneos*]" = "iPhone Developer";
				COPY_PHASE_STRIP = YES;
				GCC_C_LANGUAGE_STANDARD = gnu99;
				GCC_WARN_ABOUT_RETURN_TYPE = YES;
				GCC_WARN_UNINITIALIZED_AUTOS = YES;
				GCC_WARN_UNUSED_VARIABLE = YES;
				IPHONEOS_DEPLOYMENT_TARGET = 6.1;
				OTHER_CFLAGS = "-DNS_BLOCK_ASSERTIONS=1";
				SDKROOT = iphoneos;
				VALIDATE_PRODUCT = YES;
			};
			name = Release;
		};
		F77489B11728E94300FCA592 /* Debug */ = {
			isa = XCBuildConfiguration;
			buildSettings = {
				GCC_PRECOMPILE_PREFIX_HEADER = YES;
				GCC_PREFIX_HEADER = "TestOpenID/TestOpenID-Prefix.pch";
				INFOPLIST_FILE = "TestOpenID/TestOpenID-Info.plist";
				PRODUCT_NAME = "$(TARGET_NAME)";
				WRAPPER_EXTENSION = app;
			};
			name = Debug;
		};
		F77489B21728E94300FCA592 /* Release */ = {
			isa = XCBuildConfiguration;
			buildSettings = {
				GCC_PRECOMPILE_PREFIX_HEADER = YES;
				GCC_PREFIX_HEADER = "TestOpenID/TestOpenID-Prefix.pch";
				INFOPLIST_FILE = "TestOpenID/TestOpenID-Info.plist";
				PRODUCT_NAME = "$(TARGET_NAME)";
				WRAPPER_EXTENSION = app;
			};
			name = Release;
		};
/* End XCBuildConfiguration section */

/* Begin XCConfigurationList section */
		F77489881728E94300FCA592 /* Build configuration list for PBXProject "TestOpenID" */ = {
			isa = XCConfigurationList;
			buildConfigurations = (
				F77489AE1728E94300FCA592 /* Debug */,
				F77489AF1728E94300FCA592 /* Release */,
			);
			defaultConfigurationIsVisible = 0;
			defaultConfigurationName = Release;
		};
		F77489B01728E94300FCA592 /* Build configuration list for PBXNativeTarget "TestOpenID" */ = {
			isa = XCConfigurationList;
			buildConfigurations = (
				F77489B11728E94300FCA592 /* Debug */,
				F77489B21728E94300FCA592 /* Release */,
			);
			defaultConfigurationIsVisible = 0;
			defaultConfigurationName = Release;
		};
/* End XCConfigurationList section */
	};
	rootObject = F77489851728E94300FCA592 /* Project object */;
}
